
Microsoft Visual Studio Solution File, Format Version 12.00
# Visual Studio 14
VisualStudioVersion = 14.0.25123.0
MinimumVisualStudioVersion = 10.0.40219.1
Project("{9092AA53-FB77-4645-B42D-1CCCA6BD08BD}") = "staticbuild-website", "staticbuild-website.njsproj", "{F15AFBA1-1A84-42B2-855D-841E2729953B}"
EndProject
Global
	GlobalSection(SolutionConfigurationPlatforms) = preSolution
		Debug|Any CPU = Debug|Any CPU
		Release|Any CPU = Release|Any CPU
	EndGlobalSection
	GlobalSection(ProjectConfigurationPlatforms) = postSolution
		{F15AFBA1-1A84-42B2-855D-841E2729953B}.Debug|Any CPU.ActiveCfg = Debug|Any CPU
		{F15AFBA1-1A84-42B2-855D-841E2729953B}.Debug|Any CPU.Build.0 = Debug|Any CPU
		{F15AFBA1-1A84-42B2-855D-841E2729953B}.Release|Any CPU.ActiveCfg = Release|Any CPU
		{F15AFBA1-1A84-42B2-855D-841E2729953B}.Release|Any CPU.Build.0 = Release|Any CPU
	EndGlobalSection
	GlobalSection(SolutionProperties) = preSolution
		HideSolutionNode = FALSE
	EndGlobalSection
EndGlobal
